// !$*UTF8*$!
{
	archiveVersion = 1;
	classes = {
	};
	objectVersion = 60;
	objects = {

/* Begin PBXBuildFile section */
		F90A409D2C60058A0014F20B /* HealthManager.swift in Sources */ = {isa = PBXBuildFile; fileRef = F90A409C2C60058A0014F20B /* HealthManager.swift */; };
		F90A409F2C6008BF0014F20B /* Logger.swift in Sources */ = {isa = PBXBuildFile; fileRef = F90A409E2C6008BF0014F20B /* Logger.swift */; };
		F90A40A22C6008DC0014F20B /* ConsoleLogger.swift in Sources */ = {isa = PBXBuildFile; fileRef = F90A40A12C6008DC0014F20B /* ConsoleLogger.swift */; };
		F90A40A62C600C0D0014F20B /* Date+StartOfDay.swift in Sources */ = {isa = PBXBuildFile; fileRef = F90A40A52C600C0D0014F20B /* Date+StartOfDay.swift */; };
		F9E1E21B2C5F62C400CF25A2 /* HealthKitAppPortfolioApp.swift in Sources */ = {isa = PBXBuildFile; fileRef = F9E1E21A2C5F62C400CF25A2 /* HealthKitAppPortfolioApp.swift */; };
		F9E1E21D2C5F62C400CF25A2 /* HomeView.swift in Sources */ = {isa = PBXBuildFile; fileRef = F9E1E21C2C5F62C400CF25A2 /* HomeView.swift */; };
		F9E1E21F2C5F62C600CF25A2 /* Assets.xcassets in Resources */ = {isa = PBXBuildFile; fileRef = F9E1E21E2C5F62C600CF25A2 /* Assets.xcassets */; };
		F9E1E2232C5F62C600CF25A2 /* Preview Assets.xcassets in Resources */ = {isa = PBXBuildFile; fileRef = F9E1E2222C5F62C600CF25A2 /* Preview Assets.xcassets */; };
		F9E1E22C2C5F63B600CF25A2 /* ActivityCard.swift in Sources */ = {isa = PBXBuildFile; fileRef = F9E1E22B2C5F63B600CF25A2 /* ActivityCard.swift */; };
		F9E1E2312C5F63FA00CF25A2 /* Activity.swift in Sources */ = {isa = PBXBuildFile; fileRef = F9E1E2302C5F63FA00CF25A2 /* Activity.swift */; };
		F9E1E2392C5F7FA400CF25A2 /* AppMainEntryPoint.swift in Sources */ = {isa = PBXBuildFile; fileRef = F9E1E2382C5F7FA400CF25A2 /* AppMainEntryPoint.swift */; };
		F9E1E23C2C5F801600CF25A2 /* ProfileView.swift in Sources */ = {isa = PBXBuildFile; fileRef = F9E1E23B2C5F801600CF25A2 /* ProfileView.swift */; };
		F9E1E23E2C5F82EA00CF25A2 /* Tabs.swift in Sources */ = {isa = PBXBuildFile; fileRef = F9E1E23D2C5F82EA00CF25A2 /* Tabs.swift */; };
/* End PBXBuildFile section */

/* Begin PBXFileReference section */
		F90A409C2C60058A0014F20B /* HealthManager.swift */ = {isa = PBXFileReference; lastKnownFileType = sourcecode.swift; path = HealthManager.swift; sourceTree = "<group>"; };
		F90A409E2C6008BF0014F20B /* Logger.swift */ = {isa = PBXFileReference; lastKnownFileType = sourcecode.swift; path = Logger.swift; sourceTree = "<group>"; };
		F90A40A12C6008DC0014F20B /* ConsoleLogger.swift */ = {isa = PBXFileReference; lastKnownFileType = sourcecode.swift; path = ConsoleLogger.swift; sourceTree = "<group>"; };
		F90A40A52C600C0D0014F20B /* Date+StartOfDay.swift */ = {isa = PBXFileReference; lastKnownFileType = sourcecode.swift; path = "Date+StartOfDay.swift"; sourceTree = "<group>"; };
		F9E1E2172C5F62C400CF25A2 /* HealthKitAppPortfolio.app */ = {isa = PBXFileReference; explicitFileType = wrapper.application; includeInIndex = 0; path = HealthKitAppPortfolio.app; sourceTree = BUILT_PRODUCTS_DIR; };
		F9E1E21A2C5F62C400CF25A2 /* HealthKitAppPortfolioApp.swift */ = {isa = PBXFileReference; lastKnownFileType = sourcecode.swift; path = HealthKitAppPortfolioApp.swift; sourceTree = "<group>"; };
		F9E1E21C2C5F62C400CF25A2 /* HomeView.swift */ = {isa = PBXFileReference; lastKnownFileType = sourcecode.swift; path = HomeView.swift; sourceTree = "<group>"; };
		F9E1E21E2C5F62C600CF25A2 /* Assets.xcassets */ = {isa = PBXFileReference; lastKnownFileType = folder.assetcatalog; path = Assets.xcassets; sourceTree = "<group>"; };
		F9E1E2202C5F62C600CF25A2 /* HealthKitAppPortfolio.entitlements */ = {isa = PBXFileReference; lastKnownFileType = text.plist.entitlements; path = HealthKitAppPortfolio.entitlements; sourceTree = "<group>"; };
		F9E1E2222C5F62C600CF25A2 /* Preview Assets.xcassets */ = {isa = PBXFileReference; lastKnownFileType = folder.assetcatalog; path = "Preview Assets.xcassets"; sourceTree = "<group>"; };
		F9E1E22B2C5F63B600CF25A2 /* ActivityCard.swift */ = {isa = PBXFileReference; lastKnownFileType = sourcecode.swift; path = ActivityCard.swift; sourceTree = "<group>"; };
		F9E1E2302C5F63FA00CF25A2 /* Activity.swift */ = {isa = PBXFileReference; lastKnownFileType = sourcecode.swift; path = Activity.swift; sourceTree = "<group>"; };
		F9E1E2382C5F7FA400CF25A2 /* AppMainEntryPoint.swift */ = {isa = PBXFileReference; lastKnownFileType = sourcecode.swift; path = AppMainEntryPoint.swift; sourceTree = "<group>"; };
		F9E1E23B2C5F801600CF25A2 /* ProfileView.swift */ = {isa = PBXFileReference; lastKnownFileType = sourcecode.swift; path = ProfileView.swift; sourceTree = "<group>"; };
		F9E1E23D2C5F82EA00CF25A2 /* Tabs.swift */ = {isa = PBXFileReference; lastKnownFileType = sourcecode.swift; path = Tabs.swift; sourceTree = "<group>"; };
/* End PBXFileReference section */

/* Begin PBXFrameworksBuildPhase section */
		F9E1E2142C5F62C400CF25A2 /* Frameworks */ = {
			isa = PBXFrameworksBuildPhase;
			buildActionMask = 2147483647;
			files = (
			);
			runOnlyForDeploymentPostprocessing = 0;
		};
/* End PBXFrameworksBuildPhase section */

/* Begin PBXGroup section */
		F90A409B2C6005720014F20B /* HealthKitManager */ = {
			isa = PBXGroup;
			children = (
				F90A409C2C60058A0014F20B /* HealthManager.swift */,
			);
			path = HealthKitManager;
			sourceTree = "<group>";
		};
		F90A40A02C6008CC0014F20B /* Foundation */ = {
			isa = PBXGroup;
			children = (
				F90A40A42C600C0A0014F20B /* Extensions */,
				F90A40A32C6008DF0014F20B /* Logging */,
			);
			path = Foundation;
			sourceTree = "<group>";
		};
		F90A40A32C6008DF0014F20B /* Logging */ = {
			isa = PBXGroup;
			children = (
				F90A40A12C6008DC0014F20B /* ConsoleLogger.swift */,
				F90A409E2C6008BF0014F20B /* Logger.swift */,
			);
			path = Logging;
			sourceTree = "<group>";
		};
		F90A40A42C600C0A0014F20B /* Extensions */ = {
			isa = PBXGroup;
			children = (
				F90A40A52C600C0D0014F20B /* Date+StartOfDay.swift */,
			);
			path = Extensions;
			sourceTree = "<group>";
		};
		F9E1E20E2C5F62C400CF25A2 = {
			isa = PBXGroup;
			children = (
				F9E1E2192C5F62C400CF25A2 /* HealthKitAppPortfolio */,
				F9E1E2182C5F62C400CF25A2 /* Products */,
			);
			sourceTree = "<group>";
		};
		F9E1E2182C5F62C400CF25A2 /* Products */ = {
			isa = PBXGroup;
			children = (
				F9E1E2172C5F62C400CF25A2 /* HealthKitAppPortfolio.app */,
			);
			name = Products;
			sourceTree = "<group>";
		};
		F9E1E2192C5F62C400CF25A2 /* HealthKitAppPortfolio */ = {
			isa = PBXGroup;
			children = (
				F90A40A02C6008CC0014F20B /* Foundation */,
				F9E1E22A2C5F630400CF25A2 /* Components */,
				F9E1E2292C5F62FE00CF25A2 /* Modules */,
				F9E1E21A2C5F62C400CF25A2 /* HealthKitAppPortfolioApp.swift */,
				F9E1E21E2C5F62C600CF25A2 /* Assets.xcassets */,
				F9E1E2202C5F62C600CF25A2 /* HealthKitAppPortfolio.entitlements */,
				F9E1E2212C5F62C600CF25A2 /* Preview Content */,
			);
			path = HealthKitAppPortfolio;
			sourceTree = "<group>";
		};
		F9E1E2212C5F62C600CF25A2 /* Preview Content */ = {
			isa = PBXGroup;
			children = (
				F9E1E2222C5F62C600CF25A2 /* Preview Assets.xcassets */,
			);
			path = "Preview Content";
			sourceTree = "<group>";
		};
		F9E1E2292C5F62FE00CF25A2 /* Modules */ = {
			isa = PBXGroup;
			children = (
				F9E1E23A2C5F800300CF25A2 /* Profile */,
				F9E1E2372C5F7F7F00CF25A2 /* EntryPoint */,
				F9E1E2352C5F7E5400CF25A2 /* Home */,
			);
			path = Modules;
			sourceTree = "<group>";
		};
		F9E1E22A2C5F630400CF25A2 /* Components */ = {
			isa = PBXGroup;
			children = (
				F9E1E22D2C5F63D600CF25A2 /* ActivityCard */,
			);
			path = Components;
			sourceTree = "<group>";
		};
		F9E1E22D2C5F63D600CF25A2 /* ActivityCard */ = {
			isa = PBXGroup;
			children = (
				F9E1E22F2C5F63E400CF25A2 /* Model */,
				F9E1E22E2C5F63E000CF25A2 /* View */,
			);
			path = ActivityCard;
			sourceTree = "<group>";
		};
		F9E1E22E2C5F63E000CF25A2 /* View */ = {
			isa = PBXGroup;
			children = (
				F9E1E22B2C5F63B600CF25A2 /* ActivityCard.swift */,
			);
			path = View;
			sourceTree = "<group>";
		};
		F9E1E22F2C5F63E400CF25A2 /* Model */ = {
			isa = PBXGroup;
			children = (
				F9E1E2302C5F63FA00CF25A2 /* Activity.swift */,
			);
			path = Model;
			sourceTree = "<group>";
		};
		F9E1E2352C5F7E5400CF25A2 /* Home */ = {
			isa = PBXGroup;
			children = (
				F90A409B2C6005720014F20B /* HealthKitManager */,
				F9E1E2362C5F7E5C00CF25A2 /* View */,
			);
			path = Home;
			sourceTree = "<group>";
		};
		F9E1E2362C5F7E5C00CF25A2 /* View */ = {
			isa = PBXGroup;
			children = (
				F9E1E21C2C5F62C400CF25A2 /* HomeView.swift */,
			);
			path = View;
			sourceTree = "<group>";
		};
		F9E1E2372C5F7F7F00CF25A2 /* EntryPoint */ = {
			isa = PBXGroup;
			children = (
				F9E1E23D2C5F82EA00CF25A2 /* Tabs.swift */,
				F9E1E2382C5F7FA400CF25A2 /* AppMainEntryPoint.swift */,
			);
			path = EntryPoint;
			sourceTree = "<group>";
		};
		F9E1E23A2C5F800300CF25A2 /* Profile */ = {
			isa = PBXGroup;
			children = (
				F9E1E23B2C5F801600CF25A2 /* ProfileView.swift */,
			);
			path = Profile;
			sourceTree = "<group>";
		};
/* End PBXGroup section */

/* Begin PBXNativeTarget section */
		F9E1E2162C5F62C400CF25A2 /* HealthKitAppPortfolio */ = {
			isa = PBXNativeTarget;
			buildConfigurationList = F9E1E2262C5F62C600CF25A2 /* Build configuration list for PBXNativeTarget "HealthKitAppPortfolio" */;
			buildPhases = (
				F9E1E2132C5F62C400CF25A2 /* Sources */,
				F9E1E2142C5F62C400CF25A2 /* Frameworks */,
				F9E1E2152C5F62C400CF25A2 /* Resources */,
			);
			buildRules = (
			);
			dependencies = (
			);
			name = HealthKitAppPortfolio;
			productName = HealthKitAppPortfolio;
			productReference = F9E1E2172C5F62C400CF25A2 /* HealthKitAppPortfolio.app */;
			productType = "com.apple.product-type.application";
		};
/* End PBXNativeTarget section */

/* Begin PBXProject section */
		F9E1E20F2C5F62C400CF25A2 /* Project object */ = {
			isa = PBXProject;
			attributes = {
				BuildIndependentTargetsInParallel = 1;
				LastSwiftUpdateCheck = 1600;
				LastUpgradeCheck = 1600;
				TargetAttributes = {
					F9E1E2162C5F62C400CF25A2 = {
						CreatedOnToolsVersion = 16.0;
					};
				};
			};
			buildConfigurationList = F9E1E2122C5F62C400CF25A2 /* Build configuration list for PBXProject "HealthKitAppPortfolio" */;
			compatibilityVersion = "Xcode 15.0";
			developmentRegion = en;
			hasScannedForEncodings = 0;
			knownRegions = (
				en,
				Base,
			);
			mainGroup = F9E1E20E2C5F62C400CF25A2;
			productRefGroup = F9E1E2182C5F62C400CF25A2 /* Products */;
			projectDirPath = "";
			projectRoot = "";
			targets = (
				F9E1E2162C5F62C400CF25A2 /* HealthKitAppPortfolio */,
			);
		};
/* End PBXProject section */

/* Begin PBXResourcesBuildPhase section */
		F9E1E2152C5F62C400CF25A2 /* Resources */ = {
			isa = PBXResourcesBuildPhase;
			buildActionMask = 2147483647;
			files = (
				F9E1E2232C5F62C600CF25A2 /* Preview Assets.xcassets in Resources */,
				F9E1E21F2C5F62C600CF25A2 /* Assets.xcassets in Resources */,
			);
			runOnlyForDeploymentPostprocessing = 0;
		};
/* End PBXResourcesBuildPhase section */

/* Begin PBXSourcesBuildPhase section */
		F9E1E2132C5F62C400CF25A2 /* Sources */ = {
			isa = PBXSourcesBuildPhase;
			buildActionMask = 2147483647;
			files = (
				F9E1E23E2C5F82EA00CF25A2 /* Tabs.swift in Sources */,
				F9E1E21D2C5F62C400CF25A2 /* HomeView.swift in Sources */,
				F9E1E2392C5F7FA400CF25A2 /* AppMainEntryPoint.swift in Sources */,
				F90A40A22C6008DC0014F20B /* ConsoleLogger.swift in Sources */,
				F9E1E21B2C5F62C400CF25A2 /* HealthKitAppPortfolioApp.swift in Sources */,
				F90A409F2C6008BF0014F20B /* Logger.swift in Sources */,
				F9E1E2312C5F63FA00CF25A2 /* Activity.swift in Sources */,
				F9E1E23C2C5F801600CF25A2 /* ProfileView.swift in Sources */,
				F9E1E22C2C5F63B600CF25A2 /* ActivityCard.swift in Sources */,
				F90A40A62C600C0D0014F20B /* Date+StartOfDay.swift in Sources */,
				F90A409D2C60058A0014F20B /* HealthManager.swift in Sources */,
			);
			runOnlyForDeploymentPostprocessing = 0;
		};
/* End PBXSourcesBuildPhase section */

/* Begin XCBuildConfiguration section */
		F9E1E2242C5F62C600CF25A2 /* Debug */ = {
			isa = XCBuildConfiguration;
			buildSettings = {
				ALWAYS_SEARCH_USER_PATHS = NO;
				ASSETCATALOG_COMPILER_GENERATE_SWIFT_ASSET_SYMBOL_EXTENSIONS = YES;
				CLANG_ANALYZER_NONNULL = YES;
				CLANG_ANALYZER_NUMBER_OBJECT_CONVERSION = YES_AGGRESSIVE;
				CLANG_CXX_LANGUAGE_STANDARD = "gnu++20";
				CLANG_ENABLE_MODULES = YES;
				CLANG_ENABLE_OBJC_ARC = YES;
				CLANG_ENABLE_OBJC_WEAK = YES;
				CLANG_WARN_BLOCK_CAPTURE_AUTORELEASING = YES;
				CLANG_WARN_BOOL_CONVERSION = YES;
				CLANG_WARN_COMMA = YES;
				CLANG_WARN_CONSTANT_CONVERSION = YES;
				CLANG_WARN_DEPRECATED_OBJC_IMPLEMENTATIONS = YES;
				CLANG_WARN_DIRECT_OBJC_ISA_USAGE = YES_ERROR;
				CLANG_WARN_DOCUMENTATION_COMMENTS = YES;
				CLANG_WARN_EMPTY_BODY = YES;
				CLANG_WARN_ENUM_CONVERSION = YES;
				CLANG_WARN_INFINITE_RECURSION = YES;
				CLANG_WARN_INT_CONVERSION = YES;
				CLANG_WARN_NON_LITERAL_NULL_CONVERSION = YES;
				CLANG_WARN_OBJC_IMPLICIT_RETAIN_SELF = YES;
				CLANG_WARN_OBJC_LITERAL_CONVERSION = YES;
				CLANG_WARN_OBJC_ROOT_CLASS = YES_ERROR;
				CLANG_WARN_QUOTED_INCLUDE_IN_FRAMEWORK_HEADER = YES;
				CLANG_WARN_RANGE_LOOP_ANALYSIS = YES;
				CLANG_WARN_STRICT_PROTOTYPES = YES;
				CLANG_WARN_SUSPICIOUS_MOVE = YES;
				CLANG_WARN_UNGUARDED_AVAILABILITY = YES_AGGRESSIVE;
				CLANG_WARN_UNREACHABLE_CODE = YES;
				CLANG_WARN__DUPLICATE_METHOD_MATCH = YES;
				COPY_PHASE_STRIP = NO;
				DEBUG_INFORMATION_FORMAT = dwarf;
				ENABLE_STRICT_OBJC_MSGSEND = YES;
				ENABLE_TESTABILITY = YES;
				ENABLE_USER_SCRIPT_SANDBOXING = YES;
				GCC_C_LANGUAGE_STANDARD = gnu17;
				GCC_DYNAMIC_NO_PIC = NO;
				GCC_NO_COMMON_BLOCKS = YES;
				GCC_OPTIMIZATION_LEVEL = 0;
				GCC_PREPROCESSOR_DEFINITIONS = (
					"DEBUG=1",
					"$(inherited)",
				);
				GCC_WARN_64_TO_32_BIT_CONVERSION = YES;
				GCC_WARN_ABOUT_RETURN_TYPE = YES_ERROR;
				GCC_WARN_UNDECLARED_SELECTOR = YES;
				GCC_WARN_UNINITIALIZED_AUTOS = YES_AGGRESSIVE;
				GCC_WARN_UNUSED_FUNCTION = YES;
				GCC_WARN_UNUSED_VARIABLE = YES;
				LOCALIZATION_PREFERS_STRING_CATALOGS = YES;
				MTL_ENABLE_DEBUG_INFO = INCLUDE_SOURCE;
				MTL_FAST_MATH = YES;
				ONLY_ACTIVE_ARCH = YES;
				SWIFT_ACTIVE_COMPILATION_CONDITIONS = "DEBUG $(inherited)";
				SWIFT_OPTIMIZATION_LEVEL = "-Onone";
			};
			name = Debug;
		};
		F9E1E2252C5F62C600CF25A2 /* Release */ = {
			isa = XCBuildConfiguration;
			buildSettings = {
				ALWAYS_SEARCH_USER_PATHS = NO;
				ASSETCATALOG_COMPILER_GENERATE_SWIFT_ASSET_SYMBOL_EXTENSIONS = YES;
				CLANG_ANALYZER_NONNULL = YES;
				CLANG_ANALYZER_NUMBER_OBJECT_CONVERSION = YES_AGGRESSIVE;
				CLANG_CXX_LANGUAGE_STANDARD = "gnu++20";
				CLANG_ENABLE_MODULES = YES;
				CLANG_ENABLE_OBJC_ARC = YES;
				CLANG_ENABLE_OBJC_WEAK = YES;
				CLANG_WARN_BLOCK_CAPTURE_AUTORELEASING = YES;
				CLANG_WARN_BOOL_CONVERSION = YES;
				CLANG_WARN_COMMA = YES;
				CLANG_WARN_CONSTANT_CONVERSION = YES;
				CLANG_WARN_DEPRECATED_OBJC_IMPLEMENTATIONS = YES;
				CLANG_WARN_DIRECT_OBJC_ISA_USAGE = YES_ERROR;
				CLANG_WARN_DOCUMENTATION_COMMENTS = YES;
				CLANG_WARN_EMPTY_BODY = YES;
				CLANG_WARN_ENUM_CONVERSION = YES;
				CLANG_WARN_INFINITE_RECURSION = YES;
				CLANG_WARN_INT_CONVERSION = YES;
				CLANG_WARN_NON_LITERAL_NULL_CONVERSION = YES;
				CLANG_WARN_OBJC_IMPLICIT_RETAIN_SELF = YES;
				CLANG_WARN_OBJC_LITERAL_CONVERSION = YES;
				CLANG_WARN_OBJC_ROOT_CLASS = YES_ERROR;
				CLANG_WARN_QUOTED_INCLUDE_IN_FRAMEWORK_HEADER = YES;
				CLANG_WARN_RANGE_LOOP_ANALYSIS = YES;
				CLANG_WARN_STRICT_PROTOTYPES = YES;
				CLANG_WARN_SUSPICIOUS_MOVE = YES;
				CLANG_WARN_UNGUARDED_AVAILABILITY = YES_AGGRESSIVE;
				CLANG_WARN_UNREACHABLE_CODE = YES;
				CLANG_WARN__DUPLICATE_METHOD_MATCH = YES;
				COPY_PHASE_STRIP = NO;
				DEBUG_INFORMATION_FORMAT = "dwarf-with-dsym";
				ENABLE_NS_ASSERTIONS = NO;
				ENABLE_STRICT_OBJC_MSGSEND = YES;
				ENABLE_USER_SCRIPT_SANDBOXING = YES;
				GCC_C_LANGUAGE_STANDARD = gnu17;
				GCC_NO_COMMON_BLOCKS = YES;
				GCC_WARN_64_TO_32_BIT_CONVERSION = YES;
				GCC_WARN_ABOUT_RETURN_TYPE = YES_ERROR;
				GCC_WARN_UNDECLARED_SELECTOR = YES;
				GCC_WARN_UNINITIALIZED_AUTOS = YES_AGGRESSIVE;
				GCC_WARN_UNUSED_FUNCTION = YES;
				GCC_WARN_UNUSED_VARIABLE = YES;
				LOCALIZATION_PREFERS_STRING_CATALOGS = YES;
				MTL_ENABLE_DEBUG_INFO = NO;
				MTL_FAST_MATH = YES;
				SWIFT_COMPILATION_MODE = wholemodule;
			};
			name = Release;
		};
		F9E1E2272C5F62C600CF25A2 /* Debug */ = {
			isa = XCBuildConfiguration;
			buildSettings = {
				ASSETCATALOG_COMPILER_APPICON_NAME = AppIcon;
				ASSETCATALOG_COMPILER_GLOBAL_ACCENT_COLOR_NAME = AccentColor;
				CODE_SIGN_ENTITLEMENTS = HealthKitAppPortfolio/HealthKitAppPortfolio.entitlements;
				CODE_SIGN_STYLE = Automatic;
				CURRENT_PROJECT_VERSION = 1;
				DEVELOPMENT_ASSET_PATHS = "\"HealthKitAppPortfolio/Preview Content\"";
				DEVELOPMENT_TEAM = 95B9YTC3G2;
				ENABLE_HARDENED_RUNTIME = YES;
				ENABLE_PREVIEWS = YES;
				GENERATE_INFOPLIST_FILE = YES;
				INFOPLIST_KEY_NSHealthShareUsageDescription = "Your health data allows us to provide personalized insights and recommendations to help you achieve your fitness and wellness goals. Your data will be securely stored and used solely to enhance your experience within the app.";
				"INFOPLIST_KEY_UIApplicationSceneManifest_Generation[sdk=iphoneos*]" = YES;
				"INFOPLIST_KEY_UIApplicationSceneManifest_Generation[sdk=iphonesimulator*]" = YES;
				"INFOPLIST_KEY_UIApplicationSupportsIndirectInputEvents[sdk=iphoneos*]" = YES;
				"INFOPLIST_KEY_UIApplicationSupportsIndirectInputEvents[sdk=iphonesimulator*]" = YES;
				"INFOPLIST_KEY_UILaunchScreen_Generation[sdk=iphoneos*]" = YES;
				"INFOPLIST_KEY_UILaunchScreen_Generation[sdk=iphonesimulator*]" = YES;
				"INFOPLIST_KEY_UIStatusBarStyle[sdk=iphoneos*]" = UIStatusBarStyleDefault;
				"INFOPLIST_KEY_UIStatusBarStyle[sdk=iphonesimulator*]" = UIStatusBarStyleDefault;
				INFOPLIST_KEY_UISupportedInterfaceOrientations_iPad = "UIInterfaceOrientationPortrait UIInterfaceOrientationPortraitUpsideDown UIInterfaceOrientationLandscapeLeft UIInterfaceOrientationLandscapeRight";
				INFOPLIST_KEY_UISupportedInterfaceOrientations_iPhone = "UIInterfaceOrientationPortrait UIInterfaceOrientationLandscapeLeft UIInterfaceOrientationLandscapeRight";
				IPHONEOS_DEPLOYMENT_TARGET = 18.0;
				LD_RUNPATH_SEARCH_PATHS = "@executable_path/Frameworks";
				"LD_RUNPATH_SEARCH_PATHS[sdk=macosx*]" = "@executable_path/../Frameworks";
				MACOSX_DEPLOYMENT_TARGET = 15.0;
				MARKETING_VERSION = 1.0;
				PRODUCT_BUNDLE_IDENTIFIER = com.takasurazeem.HealthKitAppPortfolio;
				PRODUCT_NAME = "$(TARGET_NAME)";
				SDKROOT = auto;
				SUPPORTED_PLATFORMS = "iphoneos iphonesimulator macosx xros xrsimulator";
				SWIFT_EMIT_LOC_STRINGS = YES;
				SWIFT_VERSION = 5.0;
				TARGETED_DEVICE_FAMILY = "1,2,7";
				XROS_DEPLOYMENT_TARGET = 2.0;
			};
			name = Debug;
		};
		F9E1E2282C5F62C600CF25A2 /* Release */ = {
			isa = XCBuildConfiguration;
			buildSettings = {
				ASSETCATALOG_COMPILER_APPICON_NAME = AppIcon;
				ASSETCATALOG_COMPILER_GLOBAL_ACCENT_COLOR_NAME = AccentColor;
				CODE_SIGN_ENTITLEMENTS = HealthKitAppPortfolio/HealthKitAppPortfolio.entitlements;
				CODE_SIGN_STYLE = Automatic;
				CURRENT_PROJECT_VERSION = 1;
				DEVELOPMENT_ASSET_PATHS = "\"HealthKitAppPortfolio/Preview Content\"";
				DEVELOPMENT_TEAM = 95B9YTC3G2;
				ENABLE_HARDENED_RUNTIME = YES;
				ENABLE_PREVIEWS = YES;
				GENERATE_INFOPLIST_FILE = YES;
				INFOPLIST_KEY_NSHealthShareUsageDescription = "Your health data allows us to provide personalized insights and recommendations to help you achieve your fitness and wellness goals. Your data will be securely stored and used solely to enhance your experience within the app.";
				"INFOPLIST_KEY_UIApplicationSceneManifest_Generation[sdk=iphoneos*]" = YES;
				"INFOPLIST_KEY_UIApplicationSceneManifest_Generation[sdk=iphonesimulator*]" = YES;
				"INFOPLIST_KEY_UIApplicationSupportsIndirectInputEvents[sdk=iphoneos*]" = YES;
				"INFOPLIST_KEY_UIApplicationSupportsIndirectInputEvents[sdk=iphonesimulator*]" = YES;
				"INFOPLIST_KEY_UILaunchScreen_Generation[sdk=iphoneos*]" = YES;
				"INFOPLIST_KEY_UILaunchScreen_Generation[sdk=iphonesimulator*]" = YES;
				"INFOPLIST_KEY_UIStatusBarStyle[sdk=iphoneos*]" = UIStatusBarStyleDefault;
				"INFOPLIST_KEY_UIStatusBarStyle[sdk=iphonesimulator*]" = UIStatusBarStyleDefault;
				INFOPLIST_KEY_UISupportedInterfaceOrientations_iPad = "UIInterfaceOrientationPortrait UIInterfaceOrientationPortraitUpsideDown UIInterfaceOrientationLandscapeLeft UIInterfaceOrientationLandscapeRight";
				INFOPLIST_KEY_UISupportedInterfaceOrientations_iPhone = "UIInterfaceOrientationPortrait UIInterfaceOrientationLandscapeLeft UIInterfaceOrientationLandscapeRight";
				IPHONEOS_DEPLOYMENT_TARGET = 18.0;
				LD_RUNPATH_SEARCH_PATHS = "@executable_path/Frameworks";
				"LD_RUNPATH_SEARCH_PATHS[sdk=macosx*]" = "@executable_path/../Frameworks";
				MACOSX_DEPLOYMENT_TARGET = 15.0;
				MARKETING_VERSION = 1.0;
				PRODUCT_BUNDLE_IDENTIFIER = com.takasurazeem.HealthKitAppPortfolio;
				PRODUCT_NAME = "$(TARGET_NAME)";
				SDKROOT = auto;
				SUPPORTED_PLATFORMS = "iphoneos iphonesimulator macosx xros xrsimulator";
				SWIFT_EMIT_LOC_STRINGS = YES;
				SWIFT_VERSION = 5.0;
				TARGETED_DEVICE_FAMILY = "1,2,7";
				XROS_DEPLOYMENT_TARGET = 2.0;
			};
			name = Release;
		};
/* End XCBuildConfiguration section */

/* Begin XCConfigurationList section */
		F9E1E2122C5F62C400CF25A2 /* Build configuration list for PBXProject "HealthKitAppPortfolio" */ = {
			isa = XCConfigurationList;
			buildConfigurations = (
				F9E1E2242C5F62C600CF25A2 /* Debug */,
				F9E1E2252C5F62C600CF25A2 /* Release */,
			);
			defaultConfigurationIsVisible = 0;
			defaultConfigurationName = Release;
		};
		F9E1E2262C5F62C600CF25A2 /* Build configuration list for PBXNativeTarget "HealthKitAppPortfolio" */ = {
			isa = XCConfigurationList;
			buildConfigurations = (
				F9E1E2272C5F62C600CF25A2 /* Debug */,
				F9E1E2282C5F62C600CF25A2 /* Release */,
			);
			defaultConfigurationIsVisible = 0;
			defaultConfigurationName = Release;
		};
/* End XCConfigurationList section */
	};
	rootObject = F9E1E20F2C5F62C400CF25A2 /* Project object */;
}
